// !$*UTF8*$!
{
	archiveVersion = 1;
	classes = {
	};
	objectVersion = 50;
	objects = {

/* Begin PBXBuildFile section */
		55017EB12332C69C00072A09 /* AppDelegate.swift in Sources */ = {isa = PBXBuildFile; fileRef = 55017EB02332C69C00072A09 /* AppDelegate.swift */; };
		55017EB32332C69C00072A09 /* ViewController.swift in Sources */ = {isa = PBXBuildFile; fileRef = 55017EB22332C69C00072A09 /* ViewController.swift */; };
		55017EB62332C69C00072A09 /* Main.storyboard in Resources */ = {isa = PBXBuildFile; fileRef = 55017EB42332C69C00072A09 /* Main.storyboard */; };
		55017EB82332C69E00072A09 /* Assets.xcassets in Resources */ = {isa = PBXBuildFile; fileRef = 55017EB72332C69E00072A09 /* Assets.xcassets */; };
		55017EBB2332C69E00072A09 /* LaunchScreen.storyboard in Resources */ = {isa = PBXBuildFile; fileRef = 55017EB92332C69E00072A09 /* LaunchScreen.storyboard */; };
		55017EC62332C70500072A09 /* NetworkHelper.swift in Sources */ = {isa = PBXBuildFile; fileRef = 55017EC52332C70500072A09 /* NetworkHelper.swift */; };
		55017EC92332C73000072A09 /* AppError.swift in Sources */ = {isa = PBXBuildFile; fileRef = 55017EC82332C73000072A09 /* AppError.swift */; };
/* End PBXBuildFile section */

/* Begin PBXFileReference section */
		55017EAD2332C69C00072A09 /* podcastFavorites.app */ = {isa = PBXFileReference; explicitFileType = wrapper.application; includeInIndex = 0; path = podcastFavorites.app; sourceTree = BUILT_PRODUCTS_DIR; };
		55017EB02332C69C00072A09 /* AppDelegate.swift */ = {isa = PBXFileReference; lastKnownFileType = sourcecode.swift; path = AppDelegate.swift; sourceTree = "<group>"; };
		55017EB22332C69C00072A09 /* ViewController.swift */ = {isa = PBXFileReference; lastKnownFileType = sourcecode.swift; path = ViewController.swift; sourceTree = "<group>"; };
		55017EB52332C69C00072A09 /* Base */ = {isa = PBXFileReference; lastKnownFileType = file.storyboard; name = Base; path = Base.lproj/Main.storyboard; sourceTree = "<group>"; };
		55017EB72332C69E00072A09 /* Assets.xcassets */ = {isa = PBXFileReference; lastKnownFileType = folder.assetcatalog; path = Assets.xcassets; sourceTree = "<group>"; };
		55017EBA2332C69E00072A09 /* Base */ = {isa = PBXFileReference; lastKnownFileType = file.storyboard; name = Base; path = Base.lproj/LaunchScreen.storyboard; sourceTree = "<group>"; };
		55017EBC2332C69E00072A09 /* Info.plist */ = {isa = PBXFileReference; lastKnownFileType = text.plist.xml; path = Info.plist; sourceTree = "<group>"; };
		55017EC52332C70500072A09 /* NetworkHelper.swift */ = {isa = PBXFileReference; lastKnownFileType = sourcecode.swift; path = NetworkHelper.swift; sourceTree = "<group>"; };
		55017EC82332C73000072A09 /* AppError.swift */ = {isa = PBXFileReference; lastKnownFileType = sourcecode.swift; path = AppError.swift; sourceTree = "<group>"; };
/* End PBXFileReference section */

/* Begin PBXFrameworksBuildPhase section */
		55017EAA2332C69C00072A09 /* Frameworks */ = {
			isa = PBXFrameworksBuildPhase;
			buildActionMask = 2147483647;
			files = (
			);
			runOnlyForDeploymentPostprocessing = 0;
		};
/* End PBXFrameworksBuildPhase section */

/* Begin PBXGroup section */
		55017EA42332C69C00072A09 = {
			isa = PBXGroup;
			children = (
				55017EAF2332C69C00072A09 /* podcastFavorites */,
				55017EAE2332C69C00072A09 /* Products */,
			);
			sourceTree = "<group>";
		};
		55017EAE2332C69C00072A09 /* Products */ = {
			isa = PBXGroup;
			children = (
				55017EAD2332C69C00072A09 /* podcastFavorites.app */,
			);
			name = Products;
			sourceTree = "<group>";
		};
		55017EAF2332C69C00072A09 /* podcastFavorites */ = {
			isa = PBXGroup;
			children = (
				55017EC72332C70A00072A09 /* Helpers */,
				55017EC22332C6B100072A09 /* Control */,
				55017EC32332C6D000072A09 /* View */,
				55017EC42332C6E700072A09 /* supportFiles */,
				55017EBC2332C69E00072A09 /* Info.plist */,
			);
			path = podcastFavorites;
			sourceTree = "<group>";
		};
		55017EC22332C6B100072A09 /* Control */ = {
			isa = PBXGroup;
			children = (
				55017EB22332C69C00072A09 /* ViewController.swift */,
			);
			path = Control;
			sourceTree = "<group>";
		};
		55017EC32332C6D000072A09 /* View */ = {
			isa = PBXGroup;
			children = (
				55017EB42332C69C00072A09 /* Main.storyboard */,
			);
			path = View;
			sourceTree = "<group>";
		};
		55017EC42332C6E700072A09 /* supportFiles */ = {
			isa = PBXGroup;
			children = (
				55017EB72332C69E00072A09 /* Assets.xcassets */,
				55017EB02332C69C00072A09 /* AppDelegate.swift */,
				55017EB92332C69E00072A09 /* LaunchScreen.storyboard */,
			);
			path = supportFiles;
			sourceTree = "<group>";
		};
		55017EC72332C70A00072A09 /* Helpers */ = {
			isa = PBXGroup;
			children = (
				55017EC82332C73000072A09 /* AppError.swift */,
				55017EC52332C70500072A09 /* NetworkHelper.swift */,
			);
			path = Helpers;
			sourceTree = "<group>";
		};
/* End PBXGroup section */

/* Begin PBXNativeTarget section */
		55017EAC2332C69C00072A09 /* podcastFavorites */ = {
			isa = PBXNativeTarget;
			buildConfigurationList = 55017EBF2332C69E00072A09 /* Build configuration list for PBXNativeTarget "podcastFavorites" */;
			buildPhases = (
				55017EA92332C69C00072A09 /* Sources */,
				55017EAA2332C69C00072A09 /* Frameworks */,
				55017EAB2332C69C00072A09 /* Resources */,
			);
			buildRules = (
			);
			dependencies = (
			);
			name = podcastFavorites;
			productName = podcastFavorites;
			productReference = 55017EAD2332C69C00072A09 /* podcastFavorites.app */;
			productType = "com.apple.product-type.application";
		};
/* End PBXNativeTarget section */

/* Begin PBXProject section */
		55017EA52332C69C00072A09 /* Project object */ = {
			isa = PBXProject;
			attributes = {
				LastSwiftUpdateCheck = 1030;
				LastUpgradeCheck = 1030;
				ORGANIZATIONNAME = Pursuit;
				TargetAttributes = {
					55017EAC2332C69C00072A09 = {
						CreatedOnToolsVersion = 10.3;
					};
				};
			};
			buildConfigurationList = 55017EA82332C69C00072A09 /* Build configuration list for PBXProject "podcastFavorites" */;
			compatibilityVersion = "Xcode 9.3";
			developmentRegion = en;
			hasScannedForEncodings = 0;
			knownRegions = (
				en,
				Base,
			);
			mainGroup = 55017EA42332C69C00072A09;
			productRefGroup = 55017EAE2332C69C00072A09 /* Products */;
			projectDirPath = "";
			projectRoot = "";
			targets = (
				55017EAC2332C69C00072A09 /* podcastFavorites */,
			);
		};
/* End PBXProject section */

/* Begin PBXResourcesBuildPhase section */
		55017EAB2332C69C00072A09 /* Resources */ = {
			isa = PBXResourcesBuildPhase;
			buildActionMask = 2147483647;
			files = (
				55017EBB2332C69E00072A09 /* LaunchScreen.storyboard in Resources */,
				55017EB82332C69E00072A09 /* Assets.xcassets in Resources */,
				55017EB62332C69C00072A09 /* Main.storyboard in Resources */,
			);
			runOnlyForDeploymentPostprocessing = 0;
		};
/* End PBXResourcesBuildPhase section */

/* Begin PBXSourcesBuildPhase section */
		55017EA92332C69C00072A09 /* Sources */ = {
			isa = PBXSourcesBuildPhase;
			buildActionMask = 2147483647;
			files = (
				55017EC92332C73000072A09 /* AppError.swift in Sources */,
				55017EB32332C69C00072A09 /* ViewController.swift in Sources */,
				55017EC62332C70500072A09 /* NetworkHelper.swift in Sources */,
				55017EB12332C69C00072A09 /* AppDelegate.swift in Sources */,
			);
			runOnlyForDeploymentPostprocessing = 0;
		};
/* End PBXSourcesBuildPhase section */

/* Begin PBXVariantGroup section */
		55017EB42332C69C00072A09 /* Main.storyboard */ = {
			isa = PBXVariantGroup;
			children = (
				55017EB52332C69C00072A09 /* Base */,
			);
			name = Main.storyboard;
			sourceTree = "<group>";
		};
		55017EB92332C69E00072A09 /* LaunchScreen.storyboard */ = {
			isa = PBXVariantGroup;
			children = (
				55017EBA2332C69E00072A09 /* Base */,
			);
			name = LaunchScreen.storyboard;
			sourceTree = "<group>";
		};
/* End PBXVariantGroup section */

/* Begin XCBuildConfiguration section */
		55017EBD2332C69E00072A09 /* Debug */ = {
			isa = XCBuildConfiguration;
			buildSettings = {
				ALWAYS_SEARCH_USER_PATHS = NO;
				CLANG_ANALYZER_NONNULL = YES;
				CLANG_ANALYZER_NUMBER_OBJECT_CONVERSION = YES_AGGRESSIVE;
				CLANG_CXX_LANGUAGE_STANDARD = "gnu++14";
				CLANG_CXX_LIBRARY = "libc++";
				CLANG_ENABLE_MODULES = YES;
				CLANG_ENABLE_OBJC_ARC = YES;
				CLANG_ENABLE_OBJC_WEAK = YES;
				CLANG_WARN_BLOCK_CAPTURE_AUTORELEASING = YES;
				CLANG_WARN_BOOL_CONVERSION = YES;
				CLANG_WARN_COMMA = YES;
				CLANG_WARN_CONSTANT_CONVERSION = YES;
				CLANG_WARN_DEPRECATED_OBJC_IMPLEMENTATIONS = YES;
				CLANG_WARN_DIRECT_OBJC_ISA_USAGE = YES_ERROR;
				CLANG_WARN_DOCUMENTATION_COMMENTS = YES;
				CLANG_WARN_EMPTY_BODY = YES;
				CLANG_WARN_ENUM_CONVERSION = YES;
				CLANG_WARN_INFINITE_RECURSION = YES;
				CLANG_WARN_INT_CONVERSION = YES;
				CLANG_WARN_NON_LITERAL_NULL_CONVERSION = YES;
				CLANG_WARN_OBJC_IMPLICIT_RETAIN_SELF = YES;
				CLANG_WARN_OBJC_LITERAL_CONVERSION = YES;
				CLANG_WARN_OBJC_ROOT_CLASS = YES_ERROR;
				CLANG_WARN_RANGE_LOOP_ANALYSIS = YES;
				CLANG_WARN_STRICT_PROTOTYPES = YES;
				CLANG_WARN_SUSPICIOUS_MOVE = YES;
				CLANG_WARN_UNGUARDED_AVAILABILITY = YES_AGGRESSIVE;
				CLANG_WARN_UNREACHABLE_CODE = YES;
				CLANG_WARN__DUPLICATE_METHOD_MATCH = YES;
				CODE_SIGN_IDENTITY = "iPhone Developer";
				COPY_PHASE_STRIP = NO;
				DEBUG_INFORMATION_FORMAT = dwarf;
				ENABLE_STRICT_OBJC_MSGSEND = YES;
				ENABLE_TESTABILITY = YES;
				GCC_C_LANGUAGE_STANDARD = gnu11;
				GCC_DYNAMIC_NO_PIC = NO;
				GCC_NO_COMMON_BLOCKS = YES;
				GCC_OPTIMIZATION_LEVEL = 0;
				GCC_PREPROCESSOR_DEFINITIONS = (
					"DEBUG=1",
					"$(inherited)",
				);
				GCC_WARN_64_TO_32_BIT_CONVERSION = YES;
				GCC_WARN_ABOUT_RETURN_TYPE = YES_ERROR;
				GCC_WARN_UNDECLARED_SELECTOR = YES;
				GCC_WARN_UNINITIALIZED_AUTOS = YES_AGGRESSIVE;
				GCC_WARN_UNUSED_FUNCTION = YES;
				GCC_WARN_UNUSED_VARIABLE = YES;
				IPHONEOS_DEPLOYMENT_TARGET = 12.4;
				MTL_ENABLE_DEBUG_INFO = INCLUDE_SOURCE;
				MTL_FAST_MATH = YES;
				ONLY_ACTIVE_ARCH = YES;
				SDKROOT = iphoneos;
				SWIFT_ACTIVE_COMPILATION_CONDITIONS = DEBUG;
				SWIFT_OPTIMIZATION_LEVEL = "-Onone";
			};
			name = Debug;
		};
		55017EBE2332C69E00072A09 /* Release */ = {
			isa = XCBuildConfiguration;
			buildSettings = {
				ALWAYS_SEARCH_USER_PATHS = NO;
				CLANG_ANALYZER_NONNULL = YES;
				CLANG_ANALYZER_NUMBER_OBJECT_CONVERSION = YES_AGGRESSIVE;
				CLANG_CXX_LANGUAGE_STANDARD = "gnu++14";
				CLANG_CXX_LIBRARY = "libc++";
				CLANG_ENABLE_MODULES = YES;
				CLANG_ENABLE_OBJC_ARC = YES;
				CLANG_ENABLE_OBJC_WEAK = YES;
				CLANG_WARN_BLOCK_CAPTURE_AUTORELEASING = YES;
				CLANG_WARN_BOOL_CONVERSION = YES;
				CLANG_WARN_COMMA = YES;
				CLANG_WARN_CONSTANT_CONVERSION = YES;
				CLANG_WARN_DEPRECATED_OBJC_IMPLEMENTATIONS = YES;
				CLANG_WARN_DIRECT_OBJC_ISA_USAGE = YES_ERROR;
				CLANG_WARN_DOCUMENTATION_COMMENTS = YES;
				CLANG_WARN_EMPTY_BODY = YES;
				CLANG_WARN_ENUM_CONVERSION = YES;
				CLANG_WARN_INFINITE_RECURSION = YES;
				CLANG_WARN_INT_CONVERSION = YES;
				CLANG_WARN_NON_LITERAL_NULL_CONVERSION = YES;
				CLANG_WARN_OBJC_IMPLICIT_RETAIN_SELF = YES;
				CLANG_WARN_OBJC_LITERAL_CONVERSION = YES;
				CLANG_WARN_OBJC_ROOT_CLASS = YES_ERROR;
				CLANG_WARN_RANGE_LOOP_ANALYSIS = YES;
				CLANG_WARN_STRICT_PROTOTYPES = YES;
				CLANG_WARN_SUSPICIOUS_MOVE = YES;
				CLANG_WARN_UNGUARDED_AVAILABILITY = YES_AGGRESSIVE;
				CLANG_WARN_UNREACHABLE_CODE = YES;
				CLANG_WARN__DUPLICATE_METHOD_MATCH = YES;
				CODE_SIGN_IDENTITY = "iPhone Developer";
				COPY_PHASE_STRIP = NO;
				DEBUG_INFORMATION_FORMAT = "dwarf-with-dsym";
				ENABLE_NS_ASSERTIONS = NO;
				ENABLE_STRICT_OBJC_MSGSEND = YES;
				GCC_C_LANGUAGE_STANDARD = gnu11;
				GCC_NO_COMMON_BLOCKS = YES;
				GCC_WARN_64_TO_32_BIT_CONVERSION = YES;
				GCC_WARN_ABOUT_RETURN_TYPE = YES_ERROR;
				GCC_WARN_UNDECLARED_SELECTOR = YES;
				GCC_WARN_UNINITIALIZED_AUTOS = YES_AGGRESSIVE;
				GCC_WARN_UNUSED_FUNCTION = YES;
				GCC_WARN_UNUSED_VARIABLE = YES;
				IPHONEOS_DEPLOYMENT_TARGET = 12.4;
				MTL_ENABLE_DEBUG_INFO = NO;
				MTL_FAST_MATH = YES;
				SDKROOT = iphoneos;
				SWIFT_COMPILATION_MODE = wholemodule;
				SWIFT_OPTIMIZATION_LEVEL = "-O";
				VALIDATE_PRODUCT = YES;
			};
			name = Release;
		};
		55017EC02332C69E00072A09 /* Debug */ = {
			isa = XCBuildConfiguration;
			buildSettings = {
				ASSETCATALOG_COMPILER_APPICON_NAME = AppIcon;
				CODE_SIGN_STYLE = Automatic;
				INFOPLIST_FILE = podcastFavorites/Info.plist;
				LD_RUNPATH_SEARCH_PATHS = (
					"$(inherited)",
					"@executable_path/Frameworks",
				);
				PRODUCT_BUNDLE_IDENTIFIER = org.pursuit.podcastFavorites;
				PRODUCT_NAME = "$(TARGET_NAME)";
				SWIFT_VERSION = 5.0;
				TARGETED_DEVICE_FAMILY = "1,2";
			};
			name = Debug;
		};
		55017EC12332C69E00072A09 /* Release */ = {
			isa = XCBuildConfiguration;
			buildSettings = {
				ASSETCATALOG_COMPILER_APPICON_NAME = AppIcon;
				CODE_SIGN_STYLE = Automatic;
				INFOPLIST_FILE = podcastFavorites/Info.plist;
				LD_RUNPATH_SEARCH_PATHS = (
					"$(inherited)",
					"@executable_path/Frameworks",
				);
				PRODUCT_BUNDLE_IDENTIFIER = org.pursuit.podcastFavorites;
				PRODUCT_NAME = "$(TARGET_NAME)";
				SWIFT_VERSION = 5.0;
				TARGETED_DEVICE_FAMILY = "1,2";
			};
			name = Release;
		};
/* End XCBuildConfiguration section */

/* Begin XCConfigurationList section */
		55017EA82332C69C00072A09 /* Build configuration list for PBXProject "podcastFavorites" */ = {
			isa = XCConfigurationList;
			buildConfigurations = (
				55017EBD2332C69E00072A09 /* Debug */,
				55017EBE2332C69E00072A09 /* Release */,
			);
			defaultConfigurationIsVisible = 0;
			defaultConfigurationName = Release;
		};
		55017EBF2332C69E00072A09 /* Build configuration list for PBXNativeTarget "podcastFavorites" */ = {
			isa = XCConfigurationList;
			buildConfigurations = (
				55017EC02332C69E00072A09 /* Debug */,
				55017EC12332C69E00072A09 /* Release */,
			);
			defaultConfigurationIsVisible = 0;
			defaultConfigurationName = Release;
		};
/* End XCConfigurationList section */
	};
	rootObject = 55017EA52332C69C00072A09 /* Project object */;
}
